
Microsoft Visual Studio Solution File, Format Version 12.00
# Visual Studio Version 17
VisualStudioVersion = 17.9.34728.123
MinimumVisualStudioVersion = 10.0.40219.1
Project("{FAE04EC0-301F-11D3-BF4B-00C04F79EFBC}") = "BerkayTCPApp", "BerkayTCPApp.csproj", "{00F9D648-007F-4222-AC3E-D375E60877EB}"
EndProject
Global
	GlobalSection(SolutionConfigurationPlatforms) = preSolution
		Debug|Any CPU = Debug|Any CPU
		Release|Any CPU = Release|Any CPU
	EndGlobalSection
	GlobalSection(ProjectConfigurationPlatforms) = postSolution
		{00F9D648-007F-4222-AC3E-D375E60877EB}.Debug|Any CPU.ActiveCfg = Debug|Any CPU
		{00F9D648-007F-4222-AC3E-D375E60877EB}.Debug|Any CPU.Build.0 = Debug|Any CPU
		{00F9D648-007F-4222-AC3E-D375E60877EB}.Release|Any CPU.ActiveCfg = Release|Any CPU
		{00F9D648-007F-4222-AC3E-D375E60877EB}.Release|Any CPU.Build.0 = Release|Any CPU
	EndGlobalSection
	GlobalSection(SolutionProperties) = preSolution
		HideSolutionNode = FALSE
	EndGlobalSection
	GlobalSection(ExtensibilityGlobals) = postSolution
		SolutionGuid = {BEE06615-A50D-457B-AE13-D41944A17C12}
	EndGlobalSection
EndGlobal
